
Microsoft Visual Studio Solution File, Format Version 12.00
# Visual Studio Version 16
VisualStudioVersion = 16.0.31727.386
MinimumVisualStudioVersion = 10.0.40219.1
Project("{8BC9CEB8-8B4A-11D0-8D11-00A0C91BC942}") = "zad_1", "zad_1\zad_1.vcxproj", "{6B2A3172-50E6-429A-A9E9-1EC6DF8F02FB}"
EndProject
Project("{8BC9CEB8-8B4A-11D0-8D11-00A0C91BC942}") = "zad_2", "zad_2\zad_2.vcxproj", "{63050743-79C8-43E3-A201-D6BC262C2B54}"
EndProject
Project("{8BC9CEB8-8B4A-11D0-8D11-00A0C91BC942}") = "zad_3", "zad_3\zad_3.vcxproj", "{E4912660-F949-40D5-97A1-5F6DFF13EB09}"
EndProject
Project("{8BC9CEB8-8B4A-11D0-8D11-00A0C91BC942}") = "zad_4", "zad_4\zad_4.vcxproj", "{A4B4BDEA-187E-45AC-85B7-A5201061F1F9}"
EndProject
Global
	GlobalSection(SolutionConfigurationPlatforms) = preSolution
		Debug|x64 = Debug|x64
		Debug|x86 = Debug|x86
		Release|x64 = Release|x64
		Release|x86 = Release|x86
	EndGlobalSection
	GlobalSection(ProjectConfigurationPlatforms) = postSolution
		{6B2A3172-50E6-429A-A9E9-1EC6DF8F02FB}.Debug|x64.ActiveCfg = Debug|x64
		{6B2A3172-50E6-429A-A9E9-1EC6DF8F02FB}.Debug|x64.Build.0 = Debug|x64
		{6B2A3172-50E6-429A-A9E9-1EC6DF8F02FB}.Debug|x86.ActiveCfg = Debug|Win32
		{6B2A3172-50E6-429A-A9E9-1EC6DF8F02FB}.Debug|x86.Build.0 = Debug|Win32
		{6B2A3172-50E6-429A-A9E9-1EC6DF8F02FB}.Release|x64.ActiveCfg = Release|x64
		{6B2A3172-50E6-429A-A9E9-1EC6DF8F02FB}.Release|x64.Build.0 = Release|x64
		{6B2A3172-50E6-429A-A9E9-1EC6DF8F02FB}.Release|x86.ActiveCfg = Release|Win32
		{6B2A3172-50E6-429A-A9E9-1EC6DF8F02FB}.Release|x86.Build.0 = Release|Win32
		{63050743-79C8-43E3-A201-D6BC262C2B54}.Debug|x64.ActiveCfg = Debug|x64
		{63050743-79C8-43E3-A201-D6BC262C2B54}.Debug|x64.Build.0 = Debug|x64
		{63050743-79C8-43E3-A201-D6BC262C2B54}.Debug|x86.ActiveCfg = Debug|Win32
		{63050743-79C8-43E3-A201-D6BC262C2B54}.Debug|x86.Build.0 = Debug|Win32
		{63050743-79C8-43E3-A201-D6BC262C2B54}.Release|x64.ActiveCfg = Release|x64
		{63050743-79C8-43E3-A201-D6BC262C2B54}.Release|x64.Build.0 = Release|x64
		{63050743-79C8-43E3-A201-D6BC262C2B54}.Release|x86.ActiveCfg = Release|Win32
		{63050743-79C8-43E3-A201-D6BC262C2B54}.Release|x86.Build.0 = Release|Win32
		{E4912660-F949-40D5-97A1-5F6DFF13EB09}.Debug|x64.ActiveCfg = Debug|x64
		{E4912660-F949-40D5-97A1-5F6DFF13EB09}.Debug|x64.Build.0 = Debug|x64
		{E4912660-F949-40D5-97A1-5F6DFF13EB09}.Debug|x86.ActiveCfg = Debug|Win32
		{E4912660-F949-40D5-97A1-5F6DFF13EB09}.Debug|x86.Build.0 = Debug|Win32
		{E4912660-F949-40D5-97A1-5F6DFF13EB09}.Release|x64.ActiveCfg = Release|x64
		{E4912660-F949-40D5-97A1-5F6DFF13EB09}.Release|x64.Build.0 = Release|x64
		{E4912660-F949-40D5-97A1-5F6DFF13EB09}.Release|x86.ActiveCfg = Release|Win32
		{E4912660-F949-40D5-97A1-5F6DFF13EB09}.Release|x86.Build.0 = Release|Win32
		{A4B4BDEA-187E-45AC-85B7-A5201061F1F9}.Debug|x64.ActiveCfg = Debug|x64
		{A4B4BDEA-187E-45AC-85B7-A5201061F1F9}.Debug|x64.Build.0 = Debug|x64
		{A4B4BDEA-187E-45AC-85B7-A5201061F1F9}.Debug|x86.ActiveCfg = Debug|Win32
		{A4B4BDEA-187E-45AC-85B7-A5201061F1F9}.Debug|x86.Build.0 = Debug|Win32
		{A4B4BDEA-187E-45AC-85B7-A5201061F1F9}.Release|x64.ActiveCfg = Release|x64
		{A4B4BDEA-187E-45AC-85B7-A5201061F1F9}.Release|x64.Build.0 = Release|x64
		{A4B4BDEA-187E-45AC-85B7-A5201061F1F9}.Release|x86.ActiveCfg = Release|Win32
		{A4B4BDEA-187E-45AC-85B7-A5201061F1F9}.Release|x86.Build.0 = Release|Win32
	EndGlobalSection
	GlobalSection(SolutionProperties) = preSolution
		HideSolutionNode = FALSE
	EndGlobalSection
	GlobalSection(ExtensibilityGlobals) = postSolution
		SolutionGuid = {93307ED2-46D3-49A6-962B-BDEF0600DCE3}
	EndGlobalSection
EndGlobal
